
Microsoft Visual Studio Solution File, Format Version 9.00
# Visual Studio 2005
Project("{FAE04EC0-301F-11D3-BF4B-00C04F79EFBC}") = "DotNetCASClient", "DotNetCASClient\DotNetCASClient.csproj", "{9A35DBE5-FBEC-4C59-8241-0935D4DF3C5C}"
EndProject
Global
	GlobalSection(SolutionConfigurationPlatforms) = preSolution
		Debug|Any CPU = Debug|Any CPU
		Release|Any CPU = Release|Any CPU
	EndGlobalSection
	GlobalSection(ProjectConfigurationPlatforms) = postSolution
		{9A35DBE5-FBEC-4C59-8241-0935D4DF3C5C}.Debug|Any CPU.ActiveCfg = Debug|Any CPU
		{9A35DBE5-FBEC-4C59-8241-0935D4DF3C5C}.Debug|Any CPU.Build.0 = Debug|Any CPU
		{9A35DBE5-FBEC-4C59-8241-0935D4DF3C5C}.Release|Any CPU.ActiveCfg = Release|Any CPU
		{9A35DBE5-FBEC-4C59-8241-0935D4DF3C5C}.Release|Any CPU.Build.0 = Release|Any CPU
	EndGlobalSection
	GlobalSection(SolutionProperties) = preSolution
		HideSolutionNode = FALSE
	EndGlobalSection
EndGlobal
